# This file was autogenerated by Stack.
# You should not edit this file by hand.
# For more information, please see the documentation at:
#   https://docs.haskellstack.org/en/stable/topics/lock_files

packages:
- completed:
    hackage: fortran-src-0.16.7@sha256:d3893620f67782b020523884bd5444ec9f2e11566f4dccc363a9b9a848f93716,12805
    pantry-tree:
      sha256: 905eecd53f775355734682173cccf8a732dc534a8a5a9e3903d0bb337cf36323
      size: 13333
  original:
    hackage: fortran-src-0.16.7
snapshots:
- completed:
    sha256: b73b2b116143aea728c70e65c3239188998bac5bc3be56465813dacd74215dc5
    size: 648424
    url: https://raw.githubusercontent.com/commercialhaskell/stackage-snapshots/master/lts/20/1.yaml
  original: lts-20.1
