# This file was autogenerated by Stack.
# You should not edit this file by hand.
# For more information, please see the documentation at:
#   https://docs.haskellstack.org/en/stable/lock_files

packages:
- completed:
    name: fortran-src
    version: 0.9.0
    git: https://github.com/camfort/fortran-src
    pantry-tree:
      size: 9716
      sha256: d863aff44b2ad14b42f26b2559da4771a8e481d0037b322ee1b1838610652992
    commit: 2abf718d38145712ad18b2cc5d611cc548edbdc0
  original:
    git: https://github.com/camfort/fortran-src
    commit: 2abf718d38145712ad18b2cc5d611cc548edbdc0
snapshots:
- completed:
    size: 586296
    url: https://raw.githubusercontent.com/commercialhaskell/stackage-snapshots/master/lts/18/18.yaml
    sha256: 63539429076b7ebbab6daa7656cfb079393bf644971156dc349d7c0453694ac2
  original: lts-18.18
