# This file was autogenerated by Stack.
# You should not edit this file by hand.
# For more information, please see the documentation at:
#   https://docs.haskellstack.org/en/stable/lock_files

packages:
- completed:
    hackage: fortran-src-0.10.2@sha256:9fd8af81f7c4ee9cd519cbf06cb0cab22f8ed5340ebd271fb5040613952e1703,9659
    pantry-tree:
      size: 9297
      sha256: 698f610ca3154e06550a64dddb02c6bab764fbe57af34161788e9b9529e91aee
  original:
    hackage: fortran-src-0.10.2
snapshots:
- completed:
    size: 614841
    url: https://raw.githubusercontent.com/commercialhaskell/stackage-snapshots/master/nightly/2022/7/4.yaml
    sha256: 2d44a08a35e492f0d547eddf9007f4e4a71614101bb0f3dfca90a8b9eea0bc72
  original: nightly-2022-07-04
